// !$*UTF8*$!
{
	archiveVersion = 1;
	classes = {
	};
	objectVersion = 56;
	objects = {

/* Begin PBXBuildFile section */
		52472E4F28F322650006B213 /* WeatherApp.swift in Sources */ = {isa = PBXBuildFile; fileRef = 52472E4E28F322650006B213 /* WeatherApp.swift */; };
		52472E5328F322660006B213 /* Assets.xcassets in Resources */ = {isa = PBXBuildFile; fileRef = 52472E5228F322660006B213 /* Assets.xcassets */; };
		52AD49F928F325E8001B3DEA /* Colors.xcassets in Resources */ = {isa = PBXBuildFile; fileRef = 52AD49F828F325E8001B3DEA /* Colors.xcassets */; };
		52AD49FC28F3262D001B3DEA /* Color+Extensions.swift in Sources */ = {isa = PBXBuildFile; fileRef = 52AD49FB28F3262D001B3DEA /* Color+Extensions.swift */; };
		52AD49FE28F3263A001B3DEA /* Image+Extensions.swift in Sources */ = {isa = PBXBuildFile; fileRef = 52AD49FD28F3263A001B3DEA /* Image+Extensions.swift */; };
		52AD4A1B28F32971001B3DEA /* WeatherService in Frameworks */ = {isa = PBXBuildFile; productRef = 52AD4A1A28F32971001B3DEA /* WeatherService */; };
		52AD4A2228F37D79001B3DEA /* ForecastData.swift in Sources */ = {isa = PBXBuildFile; fileRef = 52AD4A2128F37D79001B3DEA /* ForecastData.swift */; };
		52AD4A2528F3808F001B3DEA /* ComposableArchitecture in Frameworks */ = {isa = PBXBuildFile; productRef = 52AD4A2428F3808F001B3DEA /* ComposableArchitecture */; };
		52AD4A2728F380F4001B3DEA /* ForecastView.swift in Sources */ = {isa = PBXBuildFile; fileRef = 52AD4A2628F380F4001B3DEA /* ForecastView.swift */; };
		52AD4A2928F38216001B3DEA /* ForecastReducer.swift in Sources */ = {isa = PBXBuildFile; fileRef = 52AD4A2828F38216001B3DEA /* ForecastReducer.swift */; };
		52AD4A2D28F38320001B3DEA /* DailyForecastView.swift in Sources */ = {isa = PBXBuildFile; fileRef = 52AD4A2C28F38320001B3DEA /* DailyForecastView.swift */; };
		52AD4A3028F38482001B3DEA /* ForecastUtils.swift in Sources */ = {isa = PBXBuildFile; fileRef = 52AD4A2F28F38482001B3DEA /* ForecastUtils.swift */; };
/* End PBXBuildFile section */

/* Begin PBXFileReference section */
		52472E4B28F322650006B213 /* WeatherApp.app */ = {isa = PBXFileReference; explicitFileType = wrapper.application; includeInIndex = 0; path = WeatherApp.app; sourceTree = BUILT_PRODUCTS_DIR; };
		52472E4E28F322650006B213 /* WeatherApp.swift */ = {isa = PBXFileReference; lastKnownFileType = sourcecode.swift; path = WeatherApp.swift; sourceTree = "<group>"; };
		52472E5228F322660006B213 /* Assets.xcassets */ = {isa = PBXFileReference; lastKnownFileType = folder.assetcatalog; path = Assets.xcassets; sourceTree = "<group>"; };
		52AD49F828F325E8001B3DEA /* Colors.xcassets */ = {isa = PBXFileReference; lastKnownFileType = folder.assetcatalog; path = Colors.xcassets; sourceTree = "<group>"; };
		52AD49FB28F3262D001B3DEA /* Color+Extensions.swift */ = {isa = PBXFileReference; lastKnownFileType = sourcecode.swift; path = "Color+Extensions.swift"; sourceTree = "<group>"; };
		52AD49FD28F3263A001B3DEA /* Image+Extensions.swift */ = {isa = PBXFileReference; lastKnownFileType = sourcecode.swift; path = "Image+Extensions.swift"; sourceTree = "<group>"; };
		52AD4A1828F32966001B3DEA /* WeatherService */ = {isa = PBXFileReference; lastKnownFileType = wrapper; name = WeatherService; path = Packages/WeatherService; sourceTree = "<group>"; };
		52AD4A1C28F32D06001B3DEA /* Networking */ = {isa = PBXFileReference; lastKnownFileType = wrapper; name = Networking; path = Packages/Networking; sourceTree = "<group>"; };
		52AD4A2128F37D79001B3DEA /* ForecastData.swift */ = {isa = PBXFileReference; lastKnownFileType = sourcecode.swift; path = ForecastData.swift; sourceTree = "<group>"; };
		52AD4A2628F380F4001B3DEA /* ForecastView.swift */ = {isa = PBXFileReference; lastKnownFileType = sourcecode.swift; path = ForecastView.swift; sourceTree = "<group>"; };
		52AD4A2828F38216001B3DEA /* ForecastReducer.swift */ = {isa = PBXFileReference; lastKnownFileType = sourcecode.swift; path = ForecastReducer.swift; sourceTree = "<group>"; };
		52AD4A2C28F38320001B3DEA /* DailyForecastView.swift */ = {isa = PBXFileReference; lastKnownFileType = sourcecode.swift; path = DailyForecastView.swift; sourceTree = "<group>"; };
		52AD4A2F28F38482001B3DEA /* ForecastUtils.swift */ = {isa = PBXFileReference; lastKnownFileType = sourcecode.swift; path = ForecastUtils.swift; sourceTree = "<group>"; };
/* End PBXFileReference section */

/* Begin PBXFrameworksBuildPhase section */
		52472E4828F322650006B213 /* Frameworks */ = {
			isa = PBXFrameworksBuildPhase;
			buildActionMask = 2147483647;
			files = (
				52AD4A2528F3808F001B3DEA /* ComposableArchitecture in Frameworks */,
				52AD4A1B28F32971001B3DEA /* WeatherService in Frameworks */,
			);
			runOnlyForDeploymentPostprocessing = 0;
		};
/* End PBXFrameworksBuildPhase section */

/* Begin PBXGroup section */
		52472E4228F322650006B213 = {
			isa = PBXGroup;
			children = (
				52472E4D28F322650006B213 /* WeatherApp */,
				52AD4A1728F32966001B3DEA /* Packages */,
				52472E4C28F322650006B213 /* Products */,
				52AD4A1928F32971001B3DEA /* Frameworks */,
			);
			sourceTree = "<group>";
		};
		52472E4C28F322650006B213 /* Products */ = {
			isa = PBXGroup;
			children = (
				52472E4B28F322650006B213 /* WeatherApp.app */,
			);
			name = Products;
			sourceTree = "<group>";
		};
		52472E4D28F322650006B213 /* WeatherApp */ = {
			isa = PBXGroup;
			children = (
				52AD4A1D28F37D20001B3DEA /* Modules */,
				52AD49FA28F32610001B3DEA /* Extensions */,
				52472E5C28F322CA0006B213 /* Resources */,
				52472E4E28F322650006B213 /* WeatherApp.swift */,
			);
			path = WeatherApp;
			sourceTree = "<group>";
		};
		52472E5C28F322CA0006B213 /* Resources */ = {
			isa = PBXGroup;
			children = (
				52472E5228F322660006B213 /* Assets.xcassets */,
				52AD49F828F325E8001B3DEA /* Colors.xcassets */,
			);
			path = Resources;
			sourceTree = "<group>";
		};
		52AD49FA28F32610001B3DEA /* Extensions */ = {
			isa = PBXGroup;
			children = (
				52AD49FB28F3262D001B3DEA /* Color+Extensions.swift */,
				52AD49FD28F3263A001B3DEA /* Image+Extensions.swift */,
			);
			path = Extensions;
			sourceTree = "<group>";
		};
		52AD4A1728F32966001B3DEA /* Packages */ = {
			isa = PBXGroup;
			children = (
				52AD4A1C28F32D06001B3DEA /* Networking */,
				52AD4A1828F32966001B3DEA /* WeatherService */,
			);
			name = Packages;
			sourceTree = "<group>";
		};
		52AD4A1928F32971001B3DEA /* Frameworks */ = {
			isa = PBXGroup;
			children = (
			);
			name = Frameworks;
			sourceTree = "<group>";
		};
		52AD4A1D28F37D20001B3DEA /* Modules */ = {
			isa = PBXGroup;
			children = (
				52AD4A2028F37D5B001B3DEA /* Forecast */,
			);
			path = Modules;
			sourceTree = "<group>";
		};
		52AD4A2028F37D5B001B3DEA /* Forecast */ = {
			isa = PBXGroup;
			children = (
				52AD4A2E28F38475001B3DEA /* Utils */,
				52AD4A2B28F382F4001B3DEA /* Views */,
				52AD4A2A28F382EA001B3DEA /* Data */,
				52AD4A2628F380F4001B3DEA /* ForecastView.swift */,
			);
			path = Forecast;
			sourceTree = "<group>";
		};
		52AD4A2A28F382EA001B3DEA /* Data */ = {
			isa = PBXGroup;
			children = (
				52AD4A2128F37D79001B3DEA /* ForecastData.swift */,
				52AD4A2828F38216001B3DEA /* ForecastReducer.swift */,
			);
			path = Data;
			sourceTree = "<group>";
		};
		52AD4A2B28F382F4001B3DEA /* Views */ = {
			isa = PBXGroup;
			children = (
				52AD4A2C28F38320001B3DEA /* DailyForecastView.swift */,
			);
			path = Views;
			sourceTree = "<group>";
		};
		52AD4A2E28F38475001B3DEA /* Utils */ = {
			isa = PBXGroup;
			children = (
				52AD4A2F28F38482001B3DEA /* ForecastUtils.swift */,
			);
			path = Utils;
			sourceTree = "<group>";
		};
/* End PBXGroup section */

/* Begin PBXNativeTarget section */
		52472E4A28F322650006B213 /* WeatherApp */ = {
			isa = PBXNativeTarget;
			buildConfigurationList = 52472E5928F322660006B213 /* Build configuration list for PBXNativeTarget "WeatherApp" */;
			buildPhases = (
				52472E4728F322650006B213 /* Sources */,
				52472E4828F322650006B213 /* Frameworks */,
				52472E4928F322650006B213 /* Resources */,
			);
			buildRules = (
			);
			dependencies = (
			);
			name = WeatherApp;
			packageProductDependencies = (
				52AD4A1A28F32971001B3DEA /* WeatherService */,
				52AD4A2428F3808F001B3DEA /* ComposableArchitecture */,
			);
			productName = WeatherApp;
			productReference = 52472E4B28F322650006B213 /* WeatherApp.app */;
			productType = "com.apple.product-type.application";
		};
/* End PBXNativeTarget section */

/* Begin PBXProject section */
		52472E4328F322650006B213 /* Project object */ = {
			isa = PBXProject;
			attributes = {
				BuildIndependentTargetsInParallel = 1;
				LastSwiftUpdateCheck = 1400;
				LastUpgradeCheck = 1400;
				TargetAttributes = {
					52472E4A28F322650006B213 = {
						CreatedOnToolsVersion = 14.0.1;
					};
				};
			};
			buildConfigurationList = 52472E4628F322650006B213 /* Build configuration list for PBXProject "WeatherApp" */;
			compatibilityVersion = "Xcode 14.0";
			developmentRegion = en;
			hasScannedForEncodings = 0;
			knownRegions = (
				en,
				Base,
			);
			mainGroup = 52472E4228F322650006B213;
			packageReferences = (
				52AD4A2328F3808F001B3DEA /* XCRemoteSwiftPackageReference "swift-composable-architecture" */,
			);
			productRefGroup = 52472E4C28F322650006B213 /* Products */;
			projectDirPath = "";
			projectRoot = "";
			targets = (
				52472E4A28F322650006B213 /* WeatherApp */,
			);
		};
/* End PBXProject section */

/* Begin PBXResourcesBuildPhase section */
		52472E4928F322650006B213 /* Resources */ = {
			isa = PBXResourcesBuildPhase;
			buildActionMask = 2147483647;
			files = (
				52472E5328F322660006B213 /* Assets.xcassets in Resources */,
				52AD49F928F325E8001B3DEA /* Colors.xcassets in Resources */,
			);
			runOnlyForDeploymentPostprocessing = 0;
		};
/* End PBXResourcesBuildPhase section */

/* Begin PBXSourcesBuildPhase section */
		52472E4728F322650006B213 /* Sources */ = {
			isa = PBXSourcesBuildPhase;
			buildActionMask = 2147483647;
			files = (
				52AD49FE28F3263A001B3DEA /* Image+Extensions.swift in Sources */,
				52AD4A2D28F38320001B3DEA /* DailyForecastView.swift in Sources */,
				52AD4A2928F38216001B3DEA /* ForecastReducer.swift in Sources */,
				52AD4A2728F380F4001B3DEA /* ForecastView.swift in Sources */,
				52472E4F28F322650006B213 /* WeatherApp.swift in Sources */,
				52AD4A2228F37D79001B3DEA /* ForecastData.swift in Sources */,
				52AD4A3028F38482001B3DEA /* ForecastUtils.swift in Sources */,
				52AD49FC28F3262D001B3DEA /* Color+Extensions.swift in Sources */,
			);
			runOnlyForDeploymentPostprocessing = 0;
		};
/* End PBXSourcesBuildPhase section */

/* Begin XCBuildConfiguration section */
		52472E5728F322660006B213 /* Debug */ = {
			isa = XCBuildConfiguration;
			buildSettings = {
				ALWAYS_SEARCH_USER_PATHS = NO;
				CLANG_ANALYZER_NONNULL = YES;
				CLANG_ANALYZER_NUMBER_OBJECT_CONVERSION = YES_AGGRESSIVE;
				CLANG_CXX_LANGUAGE_STANDARD = "gnu++20";
				CLANG_ENABLE_MODULES = YES;
				CLANG_ENABLE_OBJC_ARC = YES;
				CLANG_ENABLE_OBJC_WEAK = YES;
				CLANG_WARN_BLOCK_CAPTURE_AUTORELEASING = YES;
				CLANG_WARN_BOOL_CONVERSION = YES;
				CLANG_WARN_COMMA = YES;
				CLANG_WARN_CONSTANT_CONVERSION = YES;
				CLANG_WARN_DEPRECATED_OBJC_IMPLEMENTATIONS = YES;
				CLANG_WARN_DIRECT_OBJC_ISA_USAGE = YES_ERROR;
				CLANG_WARN_DOCUMENTATION_COMMENTS = YES;
				CLANG_WARN_EMPTY_BODY = YES;
				CLANG_WARN_ENUM_CONVERSION = YES;
				CLANG_WARN_INFINITE_RECURSION = YES;
				CLANG_WARN_INT_CONVERSION = YES;
				CLANG_WARN_NON_LITERAL_NULL_CONVERSION = YES;
				CLANG_WARN_OBJC_IMPLICIT_RETAIN_SELF = YES;
				CLANG_WARN_OBJC_LITERAL_CONVERSION = YES;
				CLANG_WARN_OBJC_ROOT_CLASS = YES_ERROR;
				CLANG_WARN_QUOTED_INCLUDE_IN_FRAMEWORK_HEADER = YES;
				CLANG_WARN_RANGE_LOOP_ANALYSIS = YES;
				CLANG_WARN_STRICT_PROTOTYPES = YES;
				CLANG_WARN_SUSPICIOUS_MOVE = YES;
				CLANG_WARN_UNGUARDED_AVAILABILITY = YES_AGGRESSIVE;
				CLANG_WARN_UNREACHABLE_CODE = YES;
				CLANG_WARN__DUPLICATE_METHOD_MATCH = YES;
				COPY_PHASE_STRIP = NO;
				DEBUG_INFORMATION_FORMAT = dwarf;
				ENABLE_STRICT_OBJC_MSGSEND = YES;
				ENABLE_TESTABILITY = YES;
				GCC_C_LANGUAGE_STANDARD = gnu11;
				GCC_DYNAMIC_NO_PIC = NO;
				GCC_NO_COMMON_BLOCKS = YES;
				GCC_OPTIMIZATION_LEVEL = 0;
				GCC_PREPROCESSOR_DEFINITIONS = (
					"DEBUG=1",
					"$(inherited)",
				);
				GCC_WARN_64_TO_32_BIT_CONVERSION = YES;
				GCC_WARN_ABOUT_RETURN_TYPE = YES_ERROR;
				GCC_WARN_UNDECLARED_SELECTOR = YES;
				GCC_WARN_UNINITIALIZED_AUTOS = YES_AGGRESSIVE;
				GCC_WARN_UNUSED_FUNCTION = YES;
				GCC_WARN_UNUSED_VARIABLE = YES;
				IPHONEOS_DEPLOYMENT_TARGET = 16.0;
				MTL_ENABLE_DEBUG_INFO = INCLUDE_SOURCE;
				MTL_FAST_MATH = YES;
				ONLY_ACTIVE_ARCH = YES;
				SDKROOT = iphoneos;
				SWIFT_ACTIVE_COMPILATION_CONDITIONS = DEBUG;
				SWIFT_OPTIMIZATION_LEVEL = "-Onone";
			};
			name = Debug;
		};
		52472E5828F322660006B213 /* Release */ = {
			isa = XCBuildConfiguration;
			buildSettings = {
				ALWAYS_SEARCH_USER_PATHS = NO;
				CLANG_ANALYZER_NONNULL = YES;
				CLANG_ANALYZER_NUMBER_OBJECT_CONVERSION = YES_AGGRESSIVE;
				CLANG_CXX_LANGUAGE_STANDARD = "gnu++20";
				CLANG_ENABLE_MODULES = YES;
				CLANG_ENABLE_OBJC_ARC = YES;
				CLANG_ENABLE_OBJC_WEAK = YES;
				CLANG_WARN_BLOCK_CAPTURE_AUTORELEASING = YES;
				CLANG_WARN_BOOL_CONVERSION = YES;
				CLANG_WARN_COMMA = YES;
				CLANG_WARN_CONSTANT_CONVERSION = YES;
				CLANG_WARN_DEPRECATED_OBJC_IMPLEMENTATIONS = YES;
				CLANG_WARN_DIRECT_OBJC_ISA_USAGE = YES_ERROR;
				CLANG_WARN_DOCUMENTATION_COMMENTS = YES;
				CLANG_WARN_EMPTY_BODY = YES;
				CLANG_WARN_ENUM_CONVERSION = YES;
				CLANG_WARN_INFINITE_RECURSION = YES;
				CLANG_WARN_INT_CONVERSION = YES;
				CLANG_WARN_NON_LITERAL_NULL_CONVERSION = YES;
				CLANG_WARN_OBJC_IMPLICIT_RETAIN_SELF = YES;
				CLANG_WARN_OBJC_LITERAL_CONVERSION = YES;
				CLANG_WARN_OBJC_ROOT_CLASS = YES_ERROR;
				CLANG_WARN_QUOTED_INCLUDE_IN_FRAMEWORK_HEADER = YES;
				CLANG_WARN_RANGE_LOOP_ANALYSIS = YES;
				CLANG_WARN_STRICT_PROTOTYPES = YES;
				CLANG_WARN_SUSPICIOUS_MOVE = YES;
				CLANG_WARN_UNGUARDED_AVAILABILITY = YES_AGGRESSIVE;
				CLANG_WARN_UNREACHABLE_CODE = YES;
				CLANG_WARN__DUPLICATE_METHOD_MATCH = YES;
				COPY_PHASE_STRIP = NO;
				DEBUG_INFORMATION_FORMAT = "dwarf-with-dsym";
				ENABLE_NS_ASSERTIONS = NO;
				ENABLE_STRICT_OBJC_MSGSEND = YES;
				GCC_C_LANGUAGE_STANDARD = gnu11;
				GCC_NO_COMMON_BLOCKS = YES;
				GCC_WARN_64_TO_32_BIT_CONVERSION = YES;
				GCC_WARN_ABOUT_RETURN_TYPE = YES_ERROR;
				GCC_WARN_UNDECLARED_SELECTOR = YES;
				GCC_WARN_UNINITIALIZED_AUTOS = YES_AGGRESSIVE;
				GCC_WARN_UNUSED_FUNCTION = YES;
				GCC_WARN_UNUSED_VARIABLE = YES;
				IPHONEOS_DEPLOYMENT_TARGET = 16.0;
				MTL_ENABLE_DEBUG_INFO = NO;
				MTL_FAST_MATH = YES;
				SDKROOT = iphoneos;
				SWIFT_COMPILATION_MODE = wholemodule;
				SWIFT_OPTIMIZATION_LEVEL = "-O";
				VALIDATE_PRODUCT = YES;
			};
			name = Release;
		};
		52472E5A28F322660006B213 /* Debug */ = {
			isa = XCBuildConfiguration;
			buildSettings = {
				ASSETCATALOG_COMPILER_APPICON_NAME = AppIcon;
				CODE_SIGN_STYLE = Automatic;
				CURRENT_PROJECT_VERSION = 1;
				DEVELOPMENT_TEAM = ZPX8K2P3Z7;
				ENABLE_PREVIEWS = YES;
				GENERATE_INFOPLIST_FILE = YES;
				INFOPLIST_KEY_UIApplicationSceneManifest_Generation = YES;
				INFOPLIST_KEY_UIApplicationSupportsIndirectInputEvents = YES;
				INFOPLIST_KEY_UILaunchScreen_Generation = YES;
				INFOPLIST_KEY_UISupportedInterfaceOrientations_iPad = "UIInterfaceOrientationPortrait UIInterfaceOrientationPortraitUpsideDown UIInterfaceOrientationLandscapeLeft UIInterfaceOrientationLandscapeRight";
				INFOPLIST_KEY_UISupportedInterfaceOrientations_iPhone = "UIInterfaceOrientationPortrait UIInterfaceOrientationLandscapeLeft UIInterfaceOrientationLandscapeRight";
				LD_RUNPATH_SEARCH_PATHS = (
					"$(inherited)",
					"@executable_path/Frameworks",
				);
				MARKETING_VERSION = 1.0;
				PRODUCT_BUNDLE_IDENTIFIER = com.mihaipetrenco.WeatherApp;
				PRODUCT_NAME = "$(TARGET_NAME)";
				SWIFT_EMIT_LOC_STRINGS = YES;
				SWIFT_VERSION = 5.0;
				TARGETED_DEVICE_FAMILY = "1,2";
			};
			name = Debug;
		};
		52472E5B28F322660006B213 /* Release */ = {
			isa = XCBuildConfiguration;
			buildSettings = {
				ASSETCATALOG_COMPILER_APPICON_NAME = AppIcon;
				CODE_SIGN_STYLE = Automatic;
				CURRENT_PROJECT_VERSION = 1;
				DEVELOPMENT_TEAM = ZPX8K2P3Z7;
				ENABLE_PREVIEWS = YES;
				GENERATE_INFOPLIST_FILE = YES;
				INFOPLIST_KEY_UIApplicationSceneManifest_Generation = YES;
				INFOPLIST_KEY_UIApplicationSupportsIndirectInputEvents = YES;
				INFOPLIST_KEY_UILaunchScreen_Generation = YES;
				INFOPLIST_KEY_UISupportedInterfaceOrientations_iPad = "UIInterfaceOrientationPortrait UIInterfaceOrientationPortraitUpsideDown UIInterfaceOrientationLandscapeLeft UIInterfaceOrientationLandscapeRight";
				INFOPLIST_KEY_UISupportedInterfaceOrientations_iPhone = "UIInterfaceOrientationPortrait UIInterfaceOrientationLandscapeLeft UIInterfaceOrientationLandscapeRight";
				LD_RUNPATH_SEARCH_PATHS = (
					"$(inherited)",
					"@executable_path/Frameworks",
				);
				MARKETING_VERSION = 1.0;
				PRODUCT_BUNDLE_IDENTIFIER = com.mihaipetrenco.WeatherApp;
				PRODUCT_NAME = "$(TARGET_NAME)";
				SWIFT_EMIT_LOC_STRINGS = YES;
				SWIFT_VERSION = 5.0;
				TARGETED_DEVICE_FAMILY = "1,2";
			};
			name = Release;
		};
/* End XCBuildConfiguration section */

/* Begin XCConfigurationList section */
		52472E4628F322650006B213 /* Build configuration list for PBXProject "WeatherApp" */ = {
			isa = XCConfigurationList;
			buildConfigurations = (
				52472E5728F322660006B213 /* Debug */,
				52472E5828F322660006B213 /* Release */,
			);
			defaultConfigurationIsVisible = 0;
			defaultConfigurationName = Release;
		};
		52472E5928F322660006B213 /* Build configuration list for PBXNativeTarget "WeatherApp" */ = {
			isa = XCConfigurationList;
			buildConfigurations = (
				52472E5A28F322660006B213 /* Debug */,
				52472E5B28F322660006B213 /* Release */,
			);
			defaultConfigurationIsVisible = 0;
			defaultConfigurationName = Release;
		};
/* End XCConfigurationList section */

/* Begin XCRemoteSwiftPackageReference section */
		52AD4A2328F3808F001B3DEA /* XCRemoteSwiftPackageReference "swift-composable-architecture" */ = {
			isa = XCRemoteSwiftPackageReference;
			repositoryURL = "https://github.com/pointfreeco/swift-composable-architecture";
			requirement = {
				kind = upToNextMajorVersion;
				minimumVersion = 0.9.0;
			};
		};
/* End XCRemoteSwiftPackageReference section */

/* Begin XCSwiftPackageProductDependency section */
		52AD4A1A28F32971001B3DEA /* WeatherService */ = {
			isa = XCSwiftPackageProductDependency;
			productName = WeatherService;
		};
		52AD4A2428F3808F001B3DEA /* ComposableArchitecture */ = {
			isa = XCSwiftPackageProductDependency;
			package = 52AD4A2328F3808F001B3DEA /* XCRemoteSwiftPackageReference "swift-composable-architecture" */;
			productName = ComposableArchitecture;
		};
/* End XCSwiftPackageProductDependency section */
	};
	rootObject = 52472E4328F322650006B213 /* Project object */;
}
